{
  "name": "backend",
  "lockfileVersion": 3,
  "requires": true,
  "packages": {
    "": {
      "dependencies": {
        "dedalus-labs": "^0.1.0-alpha.8"
      }
    },
    "node_modules/dedalus-labs": {
      "version": "0.1.0-alpha.8",
      "resolved": "https://registry.npmjs.org/dedalus-labs/-/dedalus-labs-0.1.0-alpha.8.tgz",
      "integrity": "sha512-aN8TSBINvm5ApE1yMTXqojDPLeNxeQji6++PE6z3PLZTjMltfMO0mQFwAVC3q+s/zJEsXKbKhj5+p76o/R08Rg==",
      "license": "MIT",
      "peerDependencies": {
        "zod": "^3.25 || ^4.0"
      },
      "peerDependenciesMeta": {
        "zod": {
          "optional": true
        }
      }
    }
  }
}
